{
  "version": 4,
  "terraform_version": "1.5.1",
  "serial": 75,
  "lineage": "f943c9ce-869a-9753-4d15-b5e1399ac753",
  "outputs": {},
  "resources": [
    {
      "module": "module.google_kubernetes_cluster",
      "mode": "managed",
      "type": "google_container_cluster",
      "name": "preprodcluster",
      "provider": "provider[\"registry.terraform.io/hashicorp/google\"]",
      "instances": [
        {
          "schema_version": 1,
          "attributes": {
            "addons_config": [
              {
                "cloudrun_config": [],
                "horizontal_pod_autoscaling": [],
                "http_load_balancing": [],
                "network_policy_config": [
                  {
                    "disabled": false
                  }
                ]
              }
            ],
            "authenticator_groups_config": [],
            "cluster_autoscaling": [
              {
                "auto_provisioning_defaults": [],
                "enabled": false,
                "resource_limits": []
              }
            ],
            "cluster_ipv4_cidr": "10.101.0.0/16",
            "database_encryption": [
              {
                "key_name": "",
                "state": "DECRYPTED"
              }
            ],
            "default_max_pods_per_node": 110,
            "description": "",
            "enable_binary_authorization": false,
            "enable_intranode_visibility": null,
            "enable_kubernetes_alpha": false,
            "enable_legacy_abac": false,
            "enable_shielded_nodes": false,
            "enable_tpu": null,
            "endpoint": "35.195.234.239",
            "id": "projects/mazza-geoffrey/locations/europe-west1/clusters/preprodcluster",
            "initial_node_count": 1,
            "instance_group_urls": [],
            "ip_allocation_policy": [
              {
                "cluster_ipv4_cidr_block": "10.101.0.0/16",
                "cluster_secondary_range_name": "gke-preprodcluster-pods-81b4a250",
                "services_ipv4_cidr_block": "10.102.0.0/16",
                "services_secondary_range_name": "gke-preprodcluster-services-81b4a250"
              }
            ],
            "label_fingerprint": "a9dc16a7",
            "location": "europe-west1",
            "logging_service": "logging.googleapis.com/kubernetes",
            "maintenance_policy": [
              {
                "daily_maintenance_window": [
                  {
                    "duration": "PT4H0M0S",
                    "start_time": "02:00"
                  }
                ],
                "maintenance_exclusion": [],
                "recurring_window": []
              }
            ],
            "master_auth": [
              {
                "client_certificate": "",
                "client_certificate_config": [
                  {
                    "issue_client_certificate": false
                  }
                ],
                "client_key": "",
                "cluster_ca_certificate": "LS0tLS1CRUdJTiBDRVJUSUZJQ0FURS0tLS0tCk1JSUVMRENDQXBTZ0F3SUJBZ0lRSlAzZW0rb1EvbUJpN2xGK3FRdFZOVEFOQmdrcWhraUc5dzBCQVFzRkFEQXYKTVMwd0t3WURWUVFERXlRMFlXWm1NMk00WVMwMk5HTXpMVFF5TW1RdE9HVm1OUzAxTjJSaFlqZ3pOakkxTW1FdwpJQmNOTWpNd056RXlNRGd4TlRVd1doZ1BNakExTXpBM01EUXdPVEUxTlRCYU1DOHhMVEFyQmdOVkJBTVRKRFJoClptWXpZemhoTFRZMFl6TXROREl5WkMwNFpXWTFMVFUzWkdGaU9ETTJNalV5WVRDQ0FhSXdEUVlKS29aSWh2Y04KQVFFQkJRQURnZ0dQQURDQ0FZb0NnZ0dCQUtRYU9rM3ZTTHIvd2FidTJUWWoxaTV6eTN0ZkhQR1MwS2d2WGNFegpocTloNUtBc1BRS0xDUmNmQW0zS0tETUFTdFNFVUJEd0o2dDZTSWkvYXlJWG83ZzR5SzNLY2pMbzZnWjlHSWFKClZIbkhXUEx5M0NzdUx5QWNZanVFUXBlTTVMMkJUQ3NORXIzNUgycGRxbFFER2k4N1hwU3lKb2ptc2ZtRnA0ZlcKa2NvWmVKeGpSeHFyYm9uMnNXM1VnZ2JzMDJJQnRXN2lnWmJRaGJ2R3U4M1orczI5Z2RSUjY3cnZHbU9LSzF6dwplNHlDNDlCZi9jOGVrRXNlM0dpUVE4VUpXblM2Z2FOUkplVGpxdHJIUjV4SG50dDRyVmFmbGlwQjljVHVoalQ0CjM5RTdKOUNOcTlCQVZMclBEUWpkZnA1SXFVMHM3R1NoMzlWUWFLdkhxMnVvY1ZRQkp2RElVWXR5aDZZanQxMWEKU1cwQWdrV3NVUTV5UjNMZmhpMndjSnMwM29MWE15OWJBdnBvU3c4b0lJUmd5YVBVWEliVStrL0toMEhyUHBYZgp2OGRRMzJQenh3N2hLcWJ2SDVBcnRUN0V3ZUJOYWZDMGI2N2R6SGpLN0VOSUNsQTZQQkRGRWlBY2o4bVpxeEx2CmdtNnhjM21NeldTN29WaDRZRFJwbVYvTXh3SURBUUFCbzBJd1FEQU9CZ05WSFE4QkFmOEVCQU1DQWdRd0R3WUQKVlIwVEFRSC9CQVV3QXdFQi96QWRCZ05WSFE0RUZnUVVvZXZ0ak16dlFyRnR5T3ZEVXZ3aDh4YStQTWN3RFFZSgpLb1pJaHZjTkFRRUxCUUFEZ2dHQkFHWW9uNTB2L1hRdWNsOHFhUHc4Wk1KY1RKdzBBYWFocVA3SzlISEpJUWxGCmswY0JkYi9KV2VoMXdYTUpjb0VRQ1dnWmdCRVBBU1RKeG96VWFwT1p6QmtraTc2VnN5WlQ2UzVITDVyN3JhTmQKQ0E4aTl1V2RmWU5CdHB4T0FEc1lZa0pJTWlRTnZIay9neU5xeUx3eTlOc3lnSlA5MVVFdmlqektnZ3VzY2M0cgo3TXlKbkVuMGpVb2FDbEx4R2pvSVY1UWFqdkt3UzYwbFFmd2dwSXhXT3ZUaXhNaEFKdWhBUzVFRVVpQm5xQjJaCnhmeUJLQUs4TmRaWnhEeG9hekZhRktKSHExN1pVV1VUeDNlQ2tPVTBEQ0ZMaWRNT2FNdUc0M2dmNVJNTVRoY3IKMlRNWnZFOG4rUDQwUGpJY0lqMWJxNU42YlZjblBBVW4za0F5VVdLbG1YTzFKM015dVhiaE04RHMxdzRNSmxvOQpyaDVFS2VOUjNpQXA0amhLNHJxazMxWDNjMjF5dDJsbmFDTXA4a29DcUtWZzI2TlVUMlBnR29NNmZFY2NmY1V0CjRPQzFSZGZqcm1MTTB4bkMva3pRa05pUG8wYVZHQklnQ3NsM1ZJb2VESW1PNkdRTmtqZFAyMjNMNjVYUmIycmEKS3JwVXU2dUJSeEtDckE1Nk9ETjBJQT09Ci0tLS0tRU5EIENFUlRJRklDQVRFLS0tLS0K",
                "password": "",
                "username": ""
              }
            ],
            "master_authorized_networks_config": [],
            "master_version": "1.25.8-gke.1000",
            "min_master_version": null,
            "monitoring_service": "monitoring.googleapis.com/kubernetes",
            "name": "preprodcluster",
            "network": "projects/mazza-geoffrey/global/networks/kubernetes-prepodcluster",
            "network_policy": [
              {
                "enabled": true,
                "provider": ""
              }
            ],
            "node_config": [],
            "node_locations": [
              "europe-west1-b",
              "europe-west1-c",
              "europe-west1-d"
            ],
            "node_pool": [],
            "node_version": "1.25.8-gke.1000",
            "operation": null,
            "pod_security_policy_config": [],
            "private_cluster_config": [
              {
                "enable_private_endpoint": false,
                "enable_private_nodes": false,
                "master_ipv4_cidr_block": "",
                "peering_name": "",
                "private_endpoint": "10.10.0.2",
                "public_endpoint": "35.195.234.239"
              }
            ],
            "project": "mazza-geoffrey",
            "release_channel": [
              {
                "channel": "STABLE"
              }
            ],
            "remove_default_node_pool": true,
            "resource_labels": null,
            "resource_usage_export_config": [],
            "self_link": "https://container.googleapis.com/v1beta1/projects/mazza-geoffrey/locations/europe-west1/clusters/preprodcluster",
            "services_ipv4_cidr": "10.102.0.0/16",
            "subnetwork": "projects/mazza-geoffrey/regions/europe-west1/subnetworks/kubernetes-prepodcluster--subnet",
            "timeouts": null,
            "vertical_pod_autoscaling": [],
            "workload_identity_config": [
              {
                "identity_namespace": "mazza-geoffrey.svc.id.goog"
              }
            ]
          },
          "sensitive_attributes": [],
          "private": "eyJlMmJmYjczMC1lY2FhLTExZTYtOGY4OC0zNDM2M2JjN2M0YzAiOnsiY3JlYXRlIjoyNDAwMDAwMDAwMDAwLCJkZWxldGUiOjI0MDAwMDAwMDAwMDAsInJlYWQiOjI0MDAwMDAwMDAwMDAsInVwZGF0ZSI6MzYwMDAwMDAwMDAwMH0sInNjaGVtYV92ZXJzaW9uIjoiMSJ9",
          "dependencies": [
            "module.google_networks.google_compute_network.vpc",
            "module.google_networks.google_compute_subnetwork.subnet"
          ]
        }
      ]
    },
    {
      "module": "module.google_kubernetes_cluster",
      "mode": "managed",
      "type": "google_container_node_pool",
      "name": "preprodcluster_linux_node_pool",
      "provider": "provider[\"registry.terraform.io/hashicorp/google\"]",
      "instances": [
        {
          "schema_version": 1,
          "attributes": {
            "autoscaling": [
              {
                "max_node_count": 15,
                "min_node_count": 10
              }
            ],
            "cluster": "preprodcluster",
            "id": "projects/mazza-geoffrey/locations/europe-west1/clusters/preprodcluster/nodePools/preprodcluster--linux-node-pool",
            "initial_node_count": 10,
            "instance_group_urls": [
              "https://www.googleapis.com/compute/v1/projects/mazza-geoffrey/zones/europe-west1-b/instanceGroupManagers/gke-preprodcluster-preprodcluster--li-2607b21f-grp"
            ],
            "location": "europe-west1",
            "management": [
              {
                "auto_repair": true,
                "auto_upgrade": true
              }
            ],
            "max_pods_per_node": 100,
            "name": "preprodcluster--linux-node-pool",
            "name_prefix": "",
            "node_config": [
              {
                "disk_size_gb": 20,
                "disk_type": "pd-balanced",
                "guest_accelerator": [],
                "image_type": "COS_CONTAINERD",
                "labels": {
                  "cluster": "preprodcluster"
                },
                "local_ssd_count": 0,
                "machine_type": "e2-medium",
                "metadata": {
                  "disable-legacy-endpoints": "true",
                  "google-compute-enable-virtio-rng": "true"
                },
                "min_cpu_platform": "",
                "oauth_scopes": [
                  "https://www.googleapis.com/auth/devstorage.read_only",
                  "https://www.googleapis.com/auth/logging.write",
                  "https://www.googleapis.com/auth/monitoring",
                  "https://www.googleapis.com/auth/service.management.readonly",
                  "https://www.googleapis.com/auth/servicecontrol",
                  "https://www.googleapis.com/auth/trace.append"
                ],
                "preemptible": true,
                "service_account": "bu-devops@mazza-geoffrey.iam.gserviceaccount.com",
                "shielded_instance_config": [
                  {
                    "enable_integrity_monitoring": true,
                    "enable_secure_boot": true
                  }
                ],
                "tags": null,
                "taint": [],
                "workload_metadata_config": [
                  {
                    "node_metadata": "GKE_METADATA_SERVER"
                  }
                ]
              }
            ],
            "node_count": 10,
            "node_locations": [
              "europe-west1-b"
            ],
            "project": "mazza-geoffrey",
            "timeouts": null,
            "upgrade_settings": [
              {
                "max_surge": 1,
                "max_unavailable": 1
              }
            ],
            "version": "1.25.8-gke.1000"
          },
          "sensitive_attributes": [],
          "private": "eyJlMmJmYjczMC1lY2FhLTExZTYtOGY4OC0zNDM2M2JjN2M0YzAiOnsiY3JlYXRlIjoxODAwMDAwMDAwMDAwLCJkZWxldGUiOjE4MDAwMDAwMDAwMDAsInVwZGF0ZSI6MTgwMDAwMDAwMDAwMH0sInNjaGVtYV92ZXJzaW9uIjoiMSJ9",
          "dependencies": [
            "module.google_kubernetes_cluster.google_container_cluster.preprodcluster",
            "module.google_networks.google_compute_network.vpc",
            "module.google_networks.google_compute_subnetwork.subnet"
          ]
        }
      ]
    },
    {
      "module": "module.google_networks",
      "mode": "managed",
      "type": "google_compute_network",
      "name": "vpc",
      "provider": "provider[\"registry.terraform.io/hashicorp/google\"]",
      "instances": [
        {
          "schema_version": 0,
          "attributes": {
            "auto_create_subnetworks": false,
            "delete_default_routes_on_create": true,
            "description": "",
            "gateway_ipv4": "",
            "id": "projects/mazza-geoffrey/global/networks/kubernetes-prepodcluster",
            "mtu": 0,
            "name": "kubernetes-prepodcluster",
            "project": "mazza-geoffrey",
            "routing_mode": "GLOBAL",
            "self_link": "https://www.googleapis.com/compute/v1/projects/mazza-geoffrey/global/networks/kubernetes-prepodcluster",
            "timeouts": null
          },
          "sensitive_attributes": [],
          "private": "eyJlMmJmYjczMC1lY2FhLTExZTYtOGY4OC0zNDM2M2JjN2M0YzAiOnsiY3JlYXRlIjoyNDAwMDAwMDAwMDAsImRlbGV0ZSI6MjQwMDAwMDAwMDAwLCJ1cGRhdGUiOjI0MDAwMDAwMDAwMH19"
        }
      ]
    },
    {
      "module": "module.google_networks",
      "mode": "managed",
      "type": "google_compute_route",
      "name": "egress_internet",
      "provider": "provider[\"registry.terraform.io/hashicorp/google\"]",
      "instances": [
        {
          "schema_version": 0,
          "attributes": {
            "description": "",
            "dest_range": "0.0.0.0/0",
            "id": "projects/mazza-geoffrey/global/routes/egress-internet-preprodcluster",
            "name": "egress-internet-preprodcluster",
            "network": "https://www.googleapis.com/compute/v1/projects/mazza-geoffrey/global/networks/kubernetes-prepodcluster",
            "next_hop_gateway": "https://www.googleapis.com/compute/v1/projects/mazza-geoffrey/global/gateways/default-internet-gateway",
            "next_hop_ilb": "",
            "next_hop_instance": "",
            "next_hop_instance_zone": null,
            "next_hop_ip": "",
            "next_hop_network": "",
            "next_hop_vpn_tunnel": "",
            "priority": 1000,
            "project": "mazza-geoffrey",
            "self_link": "https://www.googleapis.com/compute/v1/projects/mazza-geoffrey/global/routes/egress-internet-preprodcluster",
            "tags": null,
            "timeouts": null
          },
          "sensitive_attributes": [],
          "private": "eyJlMmJmYjczMC1lY2FhLTExZTYtOGY4OC0zNDM2M2JjN2M0YzAiOnsiY3JlYXRlIjoyNDAwMDAwMDAwMDAsImRlbGV0ZSI6MjQwMDAwMDAwMDAwfX0=",
          "dependencies": [
            "module.google_networks.google_compute_network.vpc"
          ]
        }
      ]
    },
    {
      "module": "module.google_networks",
      "mode": "managed",
      "type": "google_compute_router",
      "name": "router",
      "provider": "provider[\"registry.terraform.io/hashicorp/google\"]",
      "instances": [
        {
          "schema_version": 0,
          "attributes": {
            "bgp": [],
            "creation_timestamp": "2023-07-12T02:15:50.084-07:00",
            "description": "",
            "id": "projects/mazza-geoffrey/regions/europe-west1/routers/kubernetes-prepodcluster-router",
            "name": "kubernetes-prepodcluster-router",
            "network": "https://www.googleapis.com/compute/v1/projects/mazza-geoffrey/global/networks/kubernetes-prepodcluster",
            "project": "mazza-geoffrey",
            "region": "europe-west1",
            "self_link": "https://www.googleapis.com/compute/v1/projects/mazza-geoffrey/regions/europe-west1/routers/kubernetes-prepodcluster-router",
            "timeouts": null
          },
          "sensitive_attributes": [],
          "private": "eyJlMmJmYjczMC1lY2FhLTExZTYtOGY4OC0zNDM2M2JjN2M0YzAiOnsiY3JlYXRlIjoyNDAwMDAwMDAwMDAsImRlbGV0ZSI6MjQwMDAwMDAwMDAwLCJ1cGRhdGUiOjI0MDAwMDAwMDAwMH19",
          "dependencies": [
            "module.google_networks.google_compute_network.vpc",
            "module.google_networks.google_compute_subnetwork.subnet"
          ]
        }
      ]
    },
    {
      "module": "module.google_networks",
      "mode": "managed",
      "type": "google_compute_router_nat",
      "name": "nat_router",
      "provider": "provider[\"registry.terraform.io/hashicorp/google\"]",
      "instances": [
        {
          "schema_version": 0,
          "attributes": {
            "drain_nat_ips": null,
            "icmp_idle_timeout_sec": 30,
            "id": "mazza-geoffrey/europe-west1/kubernetes-prepodcluster-router/kubernetes-prepodcluster--subnet-nat-router",
            "log_config": [
              {
                "enable": true,
                "filter": "ERRORS_ONLY"
              }
            ],
            "min_ports_per_vm": 0,
            "name": "kubernetes-prepodcluster--subnet-nat-router",
            "nat_ip_allocate_option": "AUTO_ONLY",
            "nat_ips": null,
            "project": "mazza-geoffrey",
            "region": "europe-west1",
            "router": "kubernetes-prepodcluster-router",
            "source_subnetwork_ip_ranges_to_nat": "LIST_OF_SUBNETWORKS",
            "subnetwork": [
              {
                "name": "kubernetes-prepodcluster--subnet",
                "secondary_ip_range_names": [],
                "source_ip_ranges_to_nat": [
                  "ALL_IP_RANGES"
                ]
              }
            ],
            "tcp_established_idle_timeout_sec": 1200,
            "tcp_transitory_idle_timeout_sec": 30,
            "timeouts": null,
            "udp_idle_timeout_sec": 30
          },
          "sensitive_attributes": [],
          "private": "eyJlMmJmYjczMC1lY2FhLTExZTYtOGY4OC0zNDM2M2JjN2M0YzAiOnsiY3JlYXRlIjo2MDAwMDAwMDAwMDAsImRlbGV0ZSI6NjAwMDAwMDAwMDAwLCJ1cGRhdGUiOjYwMDAwMDAwMDAwMH19",
          "dependencies": [
            "module.google_networks.google_compute_network.vpc",
            "module.google_networks.google_compute_router.router",
            "module.google_networks.google_compute_subnetwork.subnet"
          ]
        }
      ]
    },
    {
      "module": "module.google_networks",
      "mode": "managed",
      "type": "google_compute_subnetwork",
      "name": "subnet",
      "provider": "provider[\"registry.terraform.io/hashicorp/google\"]",
      "instances": [
        {
          "schema_version": 0,
          "attributes": {
            "creation_timestamp": "2023-07-12T02:15:28.630-07:00",
            "description": "",
            "fingerprint": null,
            "gateway_address": "10.10.0.1",
            "id": "projects/mazza-geoffrey/regions/europe-west1/subnetworks/kubernetes-prepodcluster--subnet",
            "ip_cidr_range": "10.10.0.0/16",
            "log_config": [],
            "name": "kubernetes-prepodcluster--subnet",
            "network": "https://www.googleapis.com/compute/v1/projects/mazza-geoffrey/global/networks/kubernetes-prepodcluster",
            "private_ip_google_access": true,
            "private_ipv6_google_access": "DISABLE_GOOGLE_ACCESS",
            "project": "mazza-geoffrey",
            "region": "europe-west1",
            "secondary_ip_range": [],
            "self_link": "https://www.googleapis.com/compute/v1/projects/mazza-geoffrey/regions/europe-west1/subnetworks/kubernetes-prepodcluster--subnet",
            "timeouts": null
          },
          "sensitive_attributes": [],
          "private": "eyJlMmJmYjczMC1lY2FhLTExZTYtOGY4OC0zNDM2M2JjN2M0YzAiOnsiY3JlYXRlIjozNjAwMDAwMDAwMDAsImRlbGV0ZSI6MzYwMDAwMDAwMDAwLCJ1cGRhdGUiOjM2MDAwMDAwMDAwMH19",
          "dependencies": [
            "module.google_networks.google_compute_network.vpc"
          ]
        }
      ]
    }
  ],
  "check_results": null
}
